
Microsoft Visual Studio Solution File, Format Version 12.00
# Visual Studio Version 17
VisualStudioVersion = 17.8.34322.80
MinimumVisualStudioVersion = 10.0.40219.1
Project("{9A19103F-16F7-4668-BE54-9A1E7A4F7556}") = "StandSystem", "StandSystem\StandSystem.csproj", "{337D859B-EE5E-494E-A5DA-0DAFCC45EA27}"
EndProject
Project("{9A19103F-16F7-4668-BE54-9A1E7A4F7556}") = "StandSystem.Core", "StandSystem.Core\StandSystem.Core.csproj", "{FC467285-48D2-4CA6-A0D6-448029E841EF}"
EndProject
Project("{FAE04EC0-301F-11D3-BF4B-00C04F79EFBC}") = "StandSystem.Service", "StandSystem.Service\StandSystem.Service.csproj", "{939480D8-25B4-4112-8FFB-FD55E5E68ED7}"
EndProject
Global
	GlobalSection(SolutionConfigurationPlatforms) = preSolution
		Debug|Any CPU = Debug|Any CPU
		Release|Any CPU = Release|Any CPU
	EndGlobalSection
	GlobalSection(ProjectConfigurationPlatforms) = postSolution
		{337D859B-EE5E-494E-A5DA-0DAFCC45EA27}.Debug|Any CPU.ActiveCfg = Debug|Any CPU
		{337D859B-EE5E-494E-A5DA-0DAFCC45EA27}.Debug|Any CPU.Build.0 = Debug|Any CPU
		{337D859B-EE5E-494E-A5DA-0DAFCC45EA27}.Release|Any CPU.ActiveCfg = Release|Any CPU
		{337D859B-EE5E-494E-A5DA-0DAFCC45EA27}.Release|Any CPU.Build.0 = Release|Any CPU
		{FC467285-48D2-4CA6-A0D6-448029E841EF}.Debug|Any CPU.ActiveCfg = Debug|Any CPU
		{FC467285-48D2-4CA6-A0D6-448029E841EF}.Debug|Any CPU.Build.0 = Debug|Any CPU
		{FC467285-48D2-4CA6-A0D6-448029E841EF}.Release|Any CPU.ActiveCfg = Release|Any CPU
		{FC467285-48D2-4CA6-A0D6-448029E841EF}.Release|Any CPU.Build.0 = Release|Any CPU
		{939480D8-25B4-4112-8FFB-FD55E5E68ED7}.Debug|Any CPU.ActiveCfg = Debug|Any CPU
		{939480D8-25B4-4112-8FFB-FD55E5E68ED7}.Debug|Any CPU.Build.0 = Debug|Any CPU
		{939480D8-25B4-4112-8FFB-FD55E5E68ED7}.Release|Any CPU.ActiveCfg = Release|Any CPU
		{939480D8-25B4-4112-8FFB-FD55E5E68ED7}.Release|Any CPU.Build.0 = Release|Any CPU
	EndGlobalSection
	GlobalSection(SolutionProperties) = preSolution
		HideSolutionNode = FALSE
	EndGlobalSection
	GlobalSection(ExtensibilityGlobals) = postSolution
		SolutionGuid = {871C9038-6F38-4259-9978-9E3C0BD08023}
	EndGlobalSection
EndGlobal
